// !$*UTF8*$!
{
	archiveVersion = 1;
	classes = {
	};
	objectVersion = 48;
	objects = {

/* Begin PBXBuildFile section */
		844C2FA120206F9C00B66888 /* main.cpp in Sources */ = {isa = PBXBuildFile; fileRef = 844C2FA020206F9C00B66888 /* main.cpp */; };
		844C2FA920206FC000B66888 /* switch.cpp in Sources */ = {isa = PBXBuildFile; fileRef = 844C2FA720206FC000B66888 /* switch.cpp */; };
		844C2FB820209CE300B66888 /* CoreAudio.framework in Frameworks */ = {isa = PBXBuildFile; fileRef = 844C2FB720209CE300B66888 /* CoreAudio.framework */; };
		844C2FBA20209CEA00B66888 /* CoreServices.framework in Frameworks */ = {isa = PBXBuildFile; fileRef = 844C2FB920209CEA00B66888 /* CoreServices.framework */; };
/* End PBXBuildFile section */

/* Begin PBXCopyFilesBuildPhase section */
		844C2F9B20206F9C00B66888 /* CopyFiles */ = {
			isa = PBXCopyFilesBuildPhase;
			buildActionMask = 2147483647;
			dstPath = /usr/share/man/man1/;
			dstSubfolderSpec = 0;
			files = (
			);
			runOnlyForDeploymentPostprocessing = 1;
		};
/* End PBXCopyFilesBuildPhase section */

/* Begin PBXFileReference section */
		844C2F9D20206F9C00B66888 /* ChooseMicLib */ = {isa = PBXFileReference; explicitFileType = "compiled.mach-o.executable"; includeInIndex = 0; path = ChooseMicLib; sourceTree = BUILT_PRODUCTS_DIR; };
		844C2FA020206F9C00B66888 /* main.cpp */ = {isa = PBXFileReference; lastKnownFileType = sourcecode.cpp.cpp; path = main.cpp; sourceTree = "<group>"; };
		844C2FA720206FC000B66888 /* switch.cpp */ = {isa = PBXFileReference; lastKnownFileType = sourcecode.cpp.cpp; path = switch.cpp; sourceTree = "<group>"; };
		844C2FA820206FC000B66888 /* switch.hpp */ = {isa = PBXFileReference; lastKnownFileType = sourcecode.cpp.h; path = switch.hpp; sourceTree = "<group>"; };
		844C2FB720209CE300B66888 /* CoreAudio.framework */ = {isa = PBXFileReference; lastKnownFileType = wrapper.framework; name = CoreAudio.framework; path = System/Library/Frameworks/CoreAudio.framework; sourceTree = SDKROOT; };
		844C2FB920209CEA00B66888 /* CoreServices.framework */ = {isa = PBXFileReference; lastKnownFileType = wrapper.framework; name = CoreServices.framework; path = System/Library/Frameworks/CoreServices.framework; sourceTree = SDKROOT; };
/* End PBXFileReference section */

/* Begin PBXFrameworksBuildPhase section */
		844C2F9A20206F9C00B66888 /* Frameworks */ = {
			isa = PBXFrameworksBuildPhase;
			buildActionMask = 2147483647;
			files = (
				844C2FBA20209CEA00B66888 /* CoreServices.framework in Frameworks */,
				844C2FB820209CE300B66888 /* CoreAudio.framework in Frameworks */,
			);
			runOnlyForDeploymentPostprocessing = 0;
		};
/* End PBXFrameworksBuildPhase section */

/* Begin PBXGroup section */
		844C2F9420206F9C00B66888 = {
			isa = PBXGroup;
			children = (
				844C2F9F20206F9C00B66888 /* ChooseMicLib */,
				844C2F9E20206F9C00B66888 /* Products */,
				844C2FB620209CE300B66888 /* Frameworks */,
			);
			sourceTree = "<group>";
		};
		844C2F9E20206F9C00B66888 /* Products */ = {
			isa = PBXGroup;
			children = (
				844C2F9D20206F9C00B66888 /* ChooseMicLib */,
			);
			name = Products;
			sourceTree = "<group>";
		};
		844C2F9F20206F9C00B66888 /* ChooseMicLib */ = {
			isa = PBXGroup;
			children = (
				844C2FA020206F9C00B66888 /* main.cpp */,
				844C2FA720206FC000B66888 /* switch.cpp */,
				844C2FA820206FC000B66888 /* switch.hpp */,
			);
			path = ChooseMicLib;
			sourceTree = "<group>";
		};
		844C2FB620209CE300B66888 /* Frameworks */ = {
			isa = PBXGroup;
			children = (
				844C2FB920209CEA00B66888 /* CoreServices.framework */,
				844C2FB720209CE300B66888 /* CoreAudio.framework */,
			);
			name = Frameworks;
			sourceTree = "<group>";
		};
/* End PBXGroup section */

/* Begin PBXNativeTarget section */
		844C2F9C20206F9C00B66888 /* ChooseMicLib */ = {
			isa = PBXNativeTarget;
			buildConfigurationList = 844C2FA420206F9D00B66888 /* Build configuration list for PBXNativeTarget "ChooseMicLib" */;
			buildPhases = (
				844C2F9920206F9C00B66888 /* Sources */,
				844C2F9A20206F9C00B66888 /* Frameworks */,
				844C2F9B20206F9C00B66888 /* CopyFiles */,
			);
			buildRules = (
			);
			dependencies = (
			);
			name = ChooseMicLib;
			productName = ChooseMicLib;
			productReference = 844C2F9D20206F9C00B66888 /* ChooseMicLib */;
			productType = "com.apple.product-type.tool";
		};
/* End PBXNativeTarget section */

/* Begin PBXProject section */
		844C2F9520206F9C00B66888 /* Project object */ = {
			isa = PBXProject;
			attributes = {
				LastUpgradeCheck = 0920;
				ORGANIZATIONNAME = Boss;
				TargetAttributes = {
					844C2F9C20206F9C00B66888 = {
						CreatedOnToolsVersion = 9.2;
						ProvisioningStyle = Automatic;
					};
				};
			};
			buildConfigurationList = 844C2F9820206F9C00B66888 /* Build configuration list for PBXProject "ChooseMicLib" */;
			compatibilityVersion = "Xcode 8.0";
			developmentRegion = en;
			hasScannedForEncodings = 0;
			knownRegions = (
				en,
			);
			mainGroup = 844C2F9420206F9C00B66888;
			productRefGroup = 844C2F9E20206F9C00B66888 /* Products */;
			projectDirPath = "";
			projectRoot = "";
			targets = (
				844C2F9C20206F9C00B66888 /* ChooseMicLib */,
			);
		};
/* End PBXProject section */

/* Begin PBXSourcesBuildPhase section */
		844C2F9920206F9C00B66888 /* Sources */ = {
			isa = PBXSourcesBuildPhase;
			buildActionMask = 2147483647;
			files = (
				844C2FA120206F9C00B66888 /* main.cpp in Sources */,
				844C2FA920206FC000B66888 /* switch.cpp in Sources */,
			);
			runOnlyForDeploymentPostprocessing = 0;
		};
/* End PBXSourcesBuildPhase section */

/* Begin XCBuildConfiguration section */
		844C2FA220206F9C00B66888 /* Debug */ = {
			isa = XCBuildConfiguration;
			buildSettings = {
				ALWAYS_SEARCH_USER_PATHS = NO;
				CLANG_ANALYZER_NONNULL = YES;
				CLANG_ANALYZER_NUMBER_OBJECT_CONVERSION = YES_AGGRESSIVE;
				CLANG_CXX_LANGUAGE_STANDARD = "gnu++14";
				CLANG_CXX_LIBRARY = "libc++";
				CLANG_ENABLE_MODULES = YES;
				CLANG_ENABLE_OBJC_ARC = YES;
				CLANG_WARN_BLOCK_CAPTURE_AUTORELEASING = YES;
				CLANG_WARN_BOOL_CONVERSION = YES;
				CLANG_WARN_COMMA = YES;
				CLANG_WARN_CONSTANT_CONVERSION = YES;
				CLANG_WARN_DIRECT_OBJC_ISA_USAGE = YES_ERROR;
				CLANG_WARN_DOCUMENTATION_COMMENTS = YES;
				CLANG_WARN_EMPTY_BODY = YES;
				CLANG_WARN_ENUM_CONVERSION = YES;
				CLANG_WARN_INFINITE_RECURSION = YES;
				CLANG_WARN_INT_CONVERSION = YES;
				CLANG_WARN_NON_LITERAL_NULL_CONVERSION = YES;
				CLANG_WARN_OBJC_LITERAL_CONVERSION = YES;
				CLANG_WARN_OBJC_ROOT_CLASS = YES_ERROR;
				CLANG_WARN_RANGE_LOOP_ANALYSIS = YES;
				CLANG_WARN_STRICT_PROTOTYPES = YES;
				CLANG_WARN_SUSPICIOUS_MOVE = YES;
				CLANG_WARN_UNGUARDED_AVAILABILITY = YES_AGGRESSIVE;
				CLANG_WARN_UNREACHABLE_CODE = YES;
				CLANG_WARN__DUPLICATE_METHOD_MATCH = YES;
				CODE_SIGN_IDENTITY = "-";
				COPY_PHASE_STRIP = NO;
				DEBUG_INFORMATION_FORMAT = dwarf;
				ENABLE_STRICT_OBJC_MSGSEND = YES;
				ENABLE_TESTABILITY = YES;
				GCC_C_LANGUAGE_STANDARD = gnu11;
				GCC_DYNAMIC_NO_PIC = NO;
				GCC_NO_COMMON_BLOCKS = YES;
				GCC_OPTIMIZATION_LEVEL = 0;
				GCC_PREPROCESSOR_DEFINITIONS = (
					"DEBUG=1",
					"$(inherited)",
				);
				GCC_WARN_64_TO_32_BIT_CONVERSION = YES;
				GCC_WARN_ABOUT_RETURN_TYPE = YES_ERROR;
				GCC_WARN_UNDECLARED_SELECTOR = YES;
				GCC_WARN_UNINITIALIZED_AUTOS = YES_AGGRESSIVE;
				GCC_WARN_UNUSED_FUNCTION = YES;
				GCC_WARN_UNUSED_VARIABLE = YES;
				MACOSX_DEPLOYMENT_TARGET = 10.13;
				MTL_ENABLE_DEBUG_INFO = YES;
				ONLY_ACTIVE_ARCH = YES;
				SDKROOT = macosx;
			};
			name = Debug;
		};
		844C2FA320206F9C00B66888 /* Release */ = {
			isa = XCBuildConfiguration;
			buildSettings = {
				ALWAYS_SEARCH_USER_PATHS = NO;
				CLANG_ANALYZER_NONNULL = YES;
				CLANG_ANALYZER_NUMBER_OBJECT_CONVERSION = YES_AGGRESSIVE;
				CLANG_CXX_LANGUAGE_STANDARD = "gnu++14";
				CLANG_CXX_LIBRARY = "libc++";
				CLANG_ENABLE_MODULES = YES;
				CLANG_ENABLE_OBJC_ARC = YES;
				CLANG_WARN_BLOCK_CAPTURE_AUTORELEASING = YES;
				CLANG_WARN_BOOL_CONVERSION = YES;
				CLANG_WARN_COMMA = YES;
				CLANG_WARN_CONSTANT_CONVERSION = YES;
				CLANG_WARN_DIRECT_OBJC_ISA_USAGE = YES_ERROR;
				CLANG_WARN_DOCUMENTATION_COMMENTS = YES;
				CLANG_WARN_EMPTY_BODY = YES;
				CLANG_WARN_ENUM_CONVERSION = YES;
				CLANG_WARN_INFINITE_RECURSION = YES;
				CLANG_WARN_INT_CONVERSION = YES;
				CLANG_WARN_NON_LITERAL_NULL_CONVERSION = YES;
				CLANG_WARN_OBJC_LITERAL_CONVERSION = YES;
				CLANG_WARN_OBJC_ROOT_CLASS = YES_ERROR;
				CLANG_WARN_RANGE_LOOP_ANALYSIS = YES;
				CLANG_WARN_STRICT_PROTOTYPES = YES;
				CLANG_WARN_SUSPICIOUS_MOVE = YES;
				CLANG_WARN_UNGUARDED_AVAILABILITY = YES_AGGRESSIVE;
				CLANG_WARN_UNREACHABLE_CODE = YES;
				CLANG_WARN__DUPLICATE_METHOD_MATCH = YES;
				CODE_SIGN_IDENTITY = "-";
				COPY_PHASE_STRIP = NO;
				DEBUG_INFORMATION_FORMAT = "dwarf-with-dsym";
				ENABLE_NS_ASSERTIONS = NO;
				ENABLE_STRICT_OBJC_MSGSEND = YES;
				GCC_C_LANGUAGE_STANDARD = gnu11;
				GCC_NO_COMMON_BLOCKS = YES;
				GCC_WARN_64_TO_32_BIT_CONVERSION = YES;
				GCC_WARN_ABOUT_RETURN_TYPE = YES_ERROR;
				GCC_WARN_UNDECLARED_SELECTOR = YES;
				GCC_WARN_UNINITIALIZED_AUTOS = YES_AGGRESSIVE;
				GCC_WARN_UNUSED_FUNCTION = YES;
				GCC_WARN_UNUSED_VARIABLE = YES;
				MACOSX_DEPLOYMENT_TARGET = 10.13;
				MTL_ENABLE_DEBUG_INFO = NO;
				SDKROOT = macosx;
			};
			name = Release;
		};
		844C2FA520206F9D00B66888 /* Debug */ = {
			isa = XCBuildConfiguration;
			buildSettings = {
				CODE_SIGN_STYLE = Automatic;
				PRODUCT_NAME = "$(TARGET_NAME)";
			};
			name = Debug;
		};
		844C2FA620206F9D00B66888 /* Release */ = {
			isa = XCBuildConfiguration;
			buildSettings = {
				CODE_SIGN_STYLE = Automatic;
				PRODUCT_NAME = "$(TARGET_NAME)";
			};
			name = Release;
		};
/* End XCBuildConfiguration section */

/* Begin XCConfigurationList section */
		844C2F9820206F9C00B66888 /* Build configuration list for PBXProject "ChooseMicLib" */ = {
			isa = XCConfigurationList;
			buildConfigurations = (
				844C2FA220206F9C00B66888 /* Debug */,
				844C2FA320206F9C00B66888 /* Release */,
			);
			defaultConfigurationIsVisible = 0;
			defaultConfigurationName = Release;
		};
		844C2FA420206F9D00B66888 /* Build configuration list for PBXNativeTarget "ChooseMicLib" */ = {
			isa = XCConfigurationList;
			buildConfigurations = (
				844C2FA520206F9D00B66888 /* Debug */,
				844C2FA620206F9D00B66888 /* Release */,
			);
			defaultConfigurationIsVisible = 0;
			defaultConfigurationName = Release;
		};
/* End XCConfigurationList section */
	};
	rootObject = 844C2F9520206F9C00B66888 /* Project object */;
}
